
Microsoft Visual Studio Solution File, Format Version 12.00
# Visual Studio Version 17
VisualStudioVersion = 17.6.33829.357
MinimumVisualStudioVersion = 10.0.40219.1
Project("{FAE04EC0-301F-11D3-BF4B-00C04F79EFBC}") = "Nghia_013", "Nghia_013.csproj", "{897231EB-46C2-44F9-B30C-5B5853572287}"
EndProject
Global
	GlobalSection(SolutionConfigurationPlatforms) = preSolution
		Debug|Any CPU = Debug|Any CPU
		Release|Any CPU = Release|Any CPU
	EndGlobalSection
	GlobalSection(ProjectConfigurationPlatforms) = postSolution
		{897231EB-46C2-44F9-B30C-5B5853572287}.Debug|Any CPU.ActiveCfg = Debug|Any CPU
		{897231EB-46C2-44F9-B30C-5B5853572287}.Debug|Any CPU.Build.0 = Debug|Any CPU
		{897231EB-46C2-44F9-B30C-5B5853572287}.Release|Any CPU.ActiveCfg = Release|Any CPU
		{897231EB-46C2-44F9-B30C-5B5853572287}.Release|Any CPU.Build.0 = Release|Any CPU
	EndGlobalSection
	GlobalSection(SolutionProperties) = preSolution
		HideSolutionNode = FALSE
	EndGlobalSection
	GlobalSection(ExtensibilityGlobals) = postSolution
		SolutionGuid = {F8510966-E342-4F53-8DA1-79744CCD8576}
	EndGlobalSection
EndGlobal
