
Microsoft Visual Studio Solution File, Format Version 12.00
# Visual Studio Version 17
VisualStudioVersion = 17.6.33723.286
MinimumVisualStudioVersion = 10.0.40219.1
Project("{FAE04EC0-301F-11D3-BF4B-00C04F79EFBC}") = "Lab_21_6_2023", "Lab_21_6_2023\Lab_21_6_2023.csproj", "{DC1F0196-8EA8-404A-86C4-62A46C0B104D}"
EndProject
Global
	GlobalSection(SolutionConfigurationPlatforms) = preSolution
		Debug|Any CPU = Debug|Any CPU
		Release|Any CPU = Release|Any CPU
	EndGlobalSection
	GlobalSection(ProjectConfigurationPlatforms) = postSolution
		{DC1F0196-8EA8-404A-86C4-62A46C0B104D}.Debug|Any CPU.ActiveCfg = Debug|Any CPU
		{DC1F0196-8EA8-404A-86C4-62A46C0B104D}.Debug|Any CPU.Build.0 = Debug|Any CPU
		{DC1F0196-8EA8-404A-86C4-62A46C0B104D}.Release|Any CPU.ActiveCfg = Release|Any CPU
		{DC1F0196-8EA8-404A-86C4-62A46C0B104D}.Release|Any CPU.Build.0 = Release|Any CPU
	EndGlobalSection
	GlobalSection(SolutionProperties) = preSolution
		HideSolutionNode = FALSE
	EndGlobalSection
	GlobalSection(ExtensibilityGlobals) = postSolution
		SolutionGuid = {60D28C0A-19AB-4AFA-ABB0-FBC547A54A5D}
	EndGlobalSection
EndGlobal
